
Microsoft Visual Studio Solution File, Format Version 12.00
# Visual Studio 15
VisualStudioVersion = 15.0.27428.2015
MinimumVisualStudioVersion = 10.0.40219.1
Project("{9A19103F-16F7-4668-BE54-9A1E7A4F7556}") = "MathGame", "MathGame\MathGame.csproj", "{DC8FA064-FCBB-4B4F-8AE7-747AB3C5182C}"
EndProject
Project("{9A19103F-16F7-4668-BE54-9A1E7A4F7556}") = "MathGame.Core", "MathGame.Core\MathGame.Core.csproj", "{459AC13C-DC00-46A2-A567-4C726DE98D4C}"
EndProject
Project("{9A19103F-16F7-4668-BE54-9A1E7A4F7556}") = "MathGame.Services", "MathGame.Services\MathGame.Services.csproj", "{9CAE98E5-6A6C-4C0E-BF3D-DA376AFD92C6}"
EndProject
Project("{FAE04EC0-301F-11D3-BF4B-00C04F79EFBC}") = "MathGame.Test", "MathGame.Test\MathGame.Test.csproj", "{BD7D6EA8-9469-4769-BF20-0AC2EB8D9ACD}"
EndProject
Global
	GlobalSection(SolutionConfigurationPlatforms) = preSolution
		Debug|Any CPU = Debug|Any CPU
		Release|Any CPU = Release|Any CPU
	EndGlobalSection
	GlobalSection(ProjectConfigurationPlatforms) = postSolution
		{DC8FA064-FCBB-4B4F-8AE7-747AB3C5182C}.Debug|Any CPU.ActiveCfg = Debug|Any CPU
		{DC8FA064-FCBB-4B4F-8AE7-747AB3C5182C}.Debug|Any CPU.Build.0 = Debug|Any CPU
		{DC8FA064-FCBB-4B4F-8AE7-747AB3C5182C}.Release|Any CPU.ActiveCfg = Release|Any CPU
		{DC8FA064-FCBB-4B4F-8AE7-747AB3C5182C}.Release|Any CPU.Build.0 = Release|Any CPU
		{459AC13C-DC00-46A2-A567-4C726DE98D4C}.Debug|Any CPU.ActiveCfg = Debug|Any CPU
		{459AC13C-DC00-46A2-A567-4C726DE98D4C}.Debug|Any CPU.Build.0 = Debug|Any CPU
		{459AC13C-DC00-46A2-A567-4C726DE98D4C}.Release|Any CPU.ActiveCfg = Release|Any CPU
		{459AC13C-DC00-46A2-A567-4C726DE98D4C}.Release|Any CPU.Build.0 = Release|Any CPU
		{9CAE98E5-6A6C-4C0E-BF3D-DA376AFD92C6}.Debug|Any CPU.ActiveCfg = Debug|Any CPU
		{9CAE98E5-6A6C-4C0E-BF3D-DA376AFD92C6}.Debug|Any CPU.Build.0 = Debug|Any CPU
		{9CAE98E5-6A6C-4C0E-BF3D-DA376AFD92C6}.Release|Any CPU.ActiveCfg = Release|Any CPU
		{9CAE98E5-6A6C-4C0E-BF3D-DA376AFD92C6}.Release|Any CPU.Build.0 = Release|Any CPU
		{BD7D6EA8-9469-4769-BF20-0AC2EB8D9ACD}.Debug|Any CPU.ActiveCfg = Debug|Any CPU
		{BD7D6EA8-9469-4769-BF20-0AC2EB8D9ACD}.Debug|Any CPU.Build.0 = Debug|Any CPU
		{BD7D6EA8-9469-4769-BF20-0AC2EB8D9ACD}.Release|Any CPU.ActiveCfg = Release|Any CPU
		{BD7D6EA8-9469-4769-BF20-0AC2EB8D9ACD}.Release|Any CPU.Build.0 = Release|Any CPU
	EndGlobalSection
	GlobalSection(SolutionProperties) = preSolution
		HideSolutionNode = FALSE
	EndGlobalSection
	GlobalSection(ExtensibilityGlobals) = postSolution
		SolutionGuid = {68F62434-62FC-478B-99FB-5A24ECEAF3CE}
	EndGlobalSection
EndGlobal
